version = 1
revision = 3
requires-python = ">=3.14"

[[package]]
name = "kellyc-color-picker"
version = "0.1.0"
source = { virtual = "." }
dependencies = [
    { name = "rjsmin" },
]

[package.metadata]
requires-dist = [{ name = "rjsmin", specifier = ">=1.2.5" }]

[[package]]
name = "rjsmin"
version = "1.2.5"
source = { registry = "https://pypi.org/simple" }
sdist = { url = "https://files.pythonhosted.org/packages/59/16/14288d309d0f42c6586440c47bf6ec1a880218f698f30293fa3782db4008/rjsmin-1.2.5.tar.gz", hash = "sha256:a3f8040b0273dec773e0e807e86a4d0a9535516c0a0a35aa1bb6de6e15bb1f09", size = 427399, upload-time = "2025-10-12T10:50:27.422Z" }
wheels = [
    { url = "https://files.pythonhosted.org/packages/b8/ed/b472d5a3fd7d63c016893f7d438e677901fea28089b5d30cd1a115bcc887/rjsmin-1.2.5-cp314-cp314-manylinux1_i686.whl", hash = "sha256:7096357ed596fdfe0acb750f8cbfca338f3c845cc12def3861e23ed811589d15", size = 31983, upload-time = "2025-10-12T10:51:11.361Z" },
    { url = "https://files.pythonhosted.org/packages/9c/e8/e76fa527fde17fd08288e4efef25c0aba7979ed5740eeab7bdff507bdeba/rjsmin-1.2.5-cp314-cp314-manylinux1_x86_64.whl", hash = "sha256:4e80b05803749502995fe33b6f5fd589b51dc46e50d873baf0b515c8f6e7b668", size = 32002, upload-time = "2025-10-12T10:51:12.257Z" },
    { url = "https://files.pythonhosted.org/packages/87/6c/ee395ef8ee117ba2d158a23a9502bc4a706e02f63bfdf6d01b802ae6ee9a/rjsmin-1.2.5-cp314-cp314-manylinux2014_aarch64.whl", hash = "sha256:b6d0bc092acc3f54ea63ec1dcb808edaac5e956141d89fd0d038e80de5322052", size = 32435, upload-time = "2025-10-12T10:51:13.147Z" },
    { url = "https://files.pythonhosted.org/packages/1a/78/c157d33aa6148f0e8c57bb91a41969e1a4aab929f3bb0a8d9ff3b5e21556/rjsmin-1.2.5-cp314-cp314-musllinux_1_2_aarch64.whl", hash = "sha256:1e2943259be7beafdcb0847c2a901f223bf9044bdfa8105e1be1ad67d6c47795", size = 32877, upload-time = "2025-10-12T10:51:14.545Z" },
    { url = "https://files.pythonhosted.org/packages/e9/49/6252145bf85d87c815aaf441c5efdf1ce918db5ab6e915cf6d0d99ca3969/rjsmin-1.2.5-cp314-cp314-musllinux_1_2_i686.whl", hash = "sha256:e0387568c27fb49e55c1d0dfc27b54fc63d04b7756b1fed9743078130262907f", size = 32957, upload-time = "2025-10-12T10:51:15.964Z" },
    { url = "https://files.pythonhosted.org/packages/15/7e/c321c047b1a2fb7fa5ac818c37c1a15d348e1c12a1148de8ca5192a83b8f/rjsmin-1.2.5-cp314-cp314-musllinux_1_2_x86_64.whl", hash = "sha256:8196f1ecb0dff6c8647d4622e496869e94f1be92567ea2e941aa18d49a1a4347", size = 32456, upload-time = "2025-10-12T10:51:16.885Z" },
    { url = "https://files.pythonhosted.org/packages/5b/d7/2d190ce5ad10832df62edd4d9b1ae7092fd259ca58b39a1e202337f511a9/rjsmin-1.2.5-cp314-cp314t-manylinux1_i686.whl", hash = "sha256:9dd9f66568be9c8676278f140aa54102fab9af7feb59adf0c7a85bef49fe70df", size = 34115, upload-time = "2025-10-12T10:51:17.911Z" },
    { url = "https://files.pythonhosted.org/packages/76/ab/e7bcf261ede4cef7a0693927d7dcd1612bb59ba6c05191f58a92deec9f01/rjsmin-1.2.5-cp314-cp314t-manylinux1_x86_64.whl", hash = "sha256:5b8f72f7d96e5e1d30a33182cb39d4eb4516ddcd9b2f984813a9eefe66f8e180", size = 33977, upload-time = "2025-10-12T10:51:18.996Z" },
    { url = "https://files.pythonhosted.org/packages/a7/75/f1ff5f2199437b534204b40aa46c55c703489063cf7806c948a1a665575e/rjsmin-1.2.5-cp314-cp314t-manylinux2014_aarch64.whl", hash = "sha256:8c5906bd8830f616e992ad5e7277d0ea12c530110da188b2b9da23e9524a7cbc", size = 34604, upload-time = "2025-10-12T10:51:20.031Z" },
    { url = "https://files.pythonhosted.org/packages/d2/dc/acd463d88c56476cc683f1c6cce893c590007dccd390747e824b8e923d63/rjsmin-1.2.5-cp314-cp314t-musllinux_1_2_aarch64.whl", hash = "sha256:8207bac0d3bab7791fd667f0863b5f32e51047845179b94b28c716e6514a9234", size = 34775, upload-time = "2025-10-12T10:51:21.364Z" },
    { url = "https://files.pythonhosted.org/packages/ce/56/e6f61718d1c36e646aabe552ad1f8f77744a4c57524eaa782b5b44eba220/rjsmin-1.2.5-cp314-cp314t-musllinux_1_2_i686.whl", hash = "sha256:1e3ab93a51d7581ba0a3b6a383df2929b86d9d55f9516764678f9b4e409826e8", size = 34682, upload-time = "2025-10-12T10:51:22.755Z" },
    { url = "https://files.pythonhosted.org/packages/00/f3/37a4672ddb1307eb57d9b54ba89a48f483a04a63cac4e1471fdb4cba76e6/rjsmin-1.2.5-cp314-cp314t-musllinux_1_2_x86_64.whl", hash = "sha256:47dad1732a2c4779bdc76d5b3183fdf2ec27838f31071fa9dfcc79483d3480e2", size = 34161, upload-time = "2025-10-12T10:51:23.761Z" },
]
